<?xml version="1.0" encoding="utf-8"?>
<Project ToolsVersion="4.0" xmlns="http://schemas.microsoft.com/developer/msbuild/2003">
  <ItemGroup>
    <Filter Include="Source Files">
      <UniqueIdentifier>{4FC737F1-C7A5-4376-A066-2A32D752A2FF}</UniqueIdentifier>
      <Extensions>cpp;c;cc;cxx;def;odl;idl;hpj;bat;asm;asmx</Extensions>
    </Filter>
    <Filter Include="Header Files">
      <UniqueIdentifier>{93995380-89BD-4b04-88EB-625FBE52EBFB}</UniqueIdentifier>
      <Extensions>h;hh;hpp;hxx;hm;inl;inc;xsd</Extensions>
    </Filter>
    <Filter Include="Resource Files">
      <UniqueIdentifier>{67DA6AB6-F800-4c08-8B7A-83BB121AAD01}</UniqueIdentifier>
      <Extensions>rc;ico;cur;bmp;dlg;rc2;rct;bin;rgs;gif;jpg;jpeg;jpe;resx;tiff;tif;png;wav;mfcribbon-ms</Extensions>
    </Filter>
    <Filter Include="Header Files\models">
      <UniqueIdentifier>{123886e4-3510-44fa-97c1-86fe9185161c}</UniqueIdentifier>
    </Filter>
    <Filter Include="Header Files\repository">
      <UniqueIdentifier>{facbd86d-1a65-4e6a-99bc-1a907396894f}</UniqueIdentifier>
    </Filter>
    <Filter Include="Source Files\models">
      <UniqueIdentifier>{ee469732-0368-433e-a9b5-c28be87a3a28}</UniqueIdentifier>
    </Filter>
    <Filter Include="Source Files\repository">
      <UniqueIdentifier>{3a0cb50e-2b04-46bf-9e75-8f87656de714}</UniqueIdentifier>
    </Filter>
    <Filter Include="Header Files\presenter">
      <UniqueIdentifier>{f406cea9-a6b6-45bd-97e6-2153d7bb3cab}</UniqueIdentifier>
    </Filter>
    <Filter Include="Header Files\view">
      <UniqueIdentifier>{a22d1eb9-08a2-4544-b6a5-be17bb41d9a5}</UniqueIdentifier>
    </Filter>
    <Filter Include="Source Files\view">
      <UniqueIdentifier>{c2db696c-57a2-45de-8d69-288cb7e2b834}</UniqueIdentifier>
    </Filter>
    <Filter Include="Source Files\presenter">
      <UniqueIdentifier>{52ad8613-a8a2-4b49-b58e-9aa33ea3435d}</UniqueIdentifier>
    </Filter>
  </ItemGroup>
  <ItemGroup>
    <ClCompile Include="main.cpp">
      <Filter>Source Files</Filter>
    </ClCompile>
    <ClCompile Include="models\Account.cpp">
      <Filter>Source Files\models</Filter>
    </ClCompile>
    <ClCompile Include="models\Category.cpp">
      <Filter>Source Files\models</Filter>
    </ClCompile>
    <ClCompile Include="models\Date.cpp">
      <Filter>Source Files\models</Filter>
    </ClCompile>
    <ClCompile Include="models\Particular.cpp">
      <Filter>Source Files\models</Filter>
    </ClCompile>
    <ClCompile Include="models\PaymentMethod.cpp">
      <Filter>Source Files\models</Filter>
    </ClCompile>
    <ClCompile Include="presenters\AccountPresenter.cpp">
      <Filter>Source Files\presenter</Filter>
    </ClCompile>
    <ClCompile Include="presenters\CategoryPresenter.cpp">
      <Filter>Source Files\presenter</Filter>
    </ClCompile>
    <ClCompile Include="presenters\HomePresenter.cpp">
      <Filter>Source Files\presenter</Filter>
    </ClCompile>
    <ClCompile Include="presenters\ParticularPresenter.cpp">
      <Filter>Source Files\presenter</Filter>
    </ClCompile>
    <ClCompile Include="presenters\PaymentMethodPresenter.cpp">
      <Filter>Source Files\presenter</Filter>
    </ClCompile>
    <ClCompile Include="presenters\SettingPresenter.cpp">
      <Filter>Source Files\presenter</Filter>
    </ClCompile>
    <ClCompile Include="presenters\TransactionPresenter.cpp">
      <Filter>Source Files\presenter</Filter>
    </ClCompile>
    <ClCompile Include="repositories\AccountRepository.cpp">
      <Filter>Source Files\repository</Filter>
    </ClCompile>
    <ClCompile Include="repositories\CategoryRepository.cpp">
      <Filter>Source Files\repository</Filter>
    </ClCompile>
    <ClCompile Include="repositories\ParticularRepository.cpp">
      <Filter>Source Files\repository</Filter>
    </ClCompile>
    <ClCompile Include="repositories\PaymentMethodRepository.cpp">
      <Filter>Source Files\repository</Filter>
    </ClCompile>
    <ClCompile Include="repositories\RepositoryFactory.cpp">
      <Filter>Source Files\repository</Filter>
    </ClCompile>
    <ClCompile Include="repositories\TransactionRepository.cpp">
      <Filter>Source Files\repository</Filter>
    </ClCompile>
    <ClCompile Include="views\AccountView.cpp">
      <Filter>Source Files\view</Filter>
    </ClCompile>
    <ClCompile Include="views\HomeView.cpp">
      <Filter>Source Files\view</Filter>
    </ClCompile>
    <ClCompile Include="views\CategoryView.cpp">
      <Filter>Source Files\view</Filter>
    </ClCompile>
    <ClCompile Include="views\ParticularView.cpp">
      <Filter>Source Files\view</Filter>
    </ClCompile>
    <ClCompile Include="views\PaymentMethodView.cpp">
      <Filter>Source Files\view</Filter>
    </ClCompile>
    <ClCompile Include="views\SettingView.cpp">
      <Filter>Source Files\view</Filter>
    </ClCompile>
    <ClCompile Include="views\TransactionView.cpp">
      <Filter>Source Files\view</Filter>
    </ClCompile>
    <ClCompile Include="models\Transaction.cpp">
      <Filter>Source Files\models</Filter>
    </ClCompile>
    <ClCompile Include="API\PaperDatabase.cpp">
      <Filter>Source Files</Filter>
    </ClCompile>
    <ClCompile Include="jsoncpp.cpp">
      <Filter>Source Files</Filter>
    </ClCompile>
  </ItemGroup>
  <ItemGroup>
    <ClInclude Include="models\Account.h">
      <Filter>Header Files\models</Filter>
    </ClInclude>
    <ClInclude Include="models\Category.h">
      <Filter>Header Files\models</Filter>
    </ClInclude>
    <ClInclude Include="models\Date.h">
      <Filter>Header Files\models</Filter>
    </ClInclude>
    <ClInclude Include="models\IEntity.h">
      <Filter>Header Files\models</Filter>
    </ClInclude>
    <ClInclude Include="models\Particular.h">
      <Filter>Header Files\models</Filter>
    </ClInclude>
    <ClInclude Include="models\PaymentMethod.h">
      <Filter>Header Files\models</Filter>
    </ClInclude>
    <ClInclude Include="presenters\AccountPresenter.h">
      <Filter>Header Files\presenter</Filter>
    </ClInclude>
    <ClInclude Include="presenters\CategoryPresenter.h">
      <Filter>Header Files\presenter</Filter>
    </ClInclude>
    <ClInclude Include="presenters\HomePresenter.h">
      <Filter>Header Files\presenter</Filter>
    </ClInclude>
    <ClInclude Include="presenters\ParticularPresenter.h">
      <Filter>Header Files\presenter</Filter>
    </ClInclude>
    <ClInclude Include="presenters\PaymentMethodPresenter.h">
      <Filter>Header Files\presenter</Filter>
    </ClInclude>
    <ClInclude Include="presenters\SettingPresenter.h">
      <Filter>Header Files\presenter</Filter>
    </ClInclude>
    <ClInclude Include="presenters\TransactionPresenter.h">
      <Filter>Header Files\presenter</Filter>
    </ClInclude>
    <ClInclude Include="repositories\AccountRepository.h">
      <Filter>Header Files\repository</Filter>
    </ClInclude>
    <ClInclude Include="repositories\CategoryRepository.h">
      <Filter>Header Files\repository</Filter>
    </ClInclude>
    <ClInclude Include="repositories\IRepository.h">
      <Filter>Header Files\repository</Filter>
    </ClInclude>
    <ClInclude Include="repositories\ParticularRepository.h">
      <Filter>Header Files\repository</Filter>
    </ClInclude>
    <ClInclude Include="repositories\PaymentMethodRepository.h">
      <Filter>Header Files\repository</Filter>
    </ClInclude>
    <ClInclude Include="repositories\RepositoryFactory.h">
      <Filter>Header Files\repository</Filter>
    </ClInclude>
    <ClInclude Include="repositories\TransactionRepository.h">
      <Filter>Header Files\repository</Filter>
    </ClInclude>
    <ClInclude Include="views\AccountView.h">
      <Filter>Header Files\view</Filter>
    </ClInclude>
    <ClInclude Include="views\HomeView.h">
      <Filter>Header Files\view</Filter>
    </ClInclude>
    <ClInclude Include="views\CategoryView.h">
      <Filter>Header Files\view</Filter>
    </ClInclude>
    <ClInclude Include="views\ParticularView.h">
      <Filter>Header Files\view</Filter>
    </ClInclude>
    <ClInclude Include="views\IView.h">
      <Filter>Header Files\view</Filter>
    </ClInclude>
    <ClInclude Include="views\PaymentMethodView.h">
      <Filter>Header Files\view</Filter>
    </ClInclude>
    <ClInclude Include="views\SettingView.h">
      <Filter>Header Files\view</Filter>
    </ClInclude>
    <ClInclude Include="views\TransactionView.h">
      <Filter>Header Files\view</Filter>
    </ClInclude>
    <ClInclude Include="presenters\IPresenter.h">
      <Filter>Header Files\presenter</Filter>
    </ClInclude>
    <ClInclude Include="models\Transaction.h">
      <Filter>Header Files\models</Filter>
    </ClInclude>
    <ClInclude Include="API\PaperDatabase.h">
      <Filter>Header Files</Filter>
    </ClInclude>
    <ClInclude Include="json\json.h">
      <Filter>Header Files</Filter>
    </ClInclude>
    <ClInclude Include="json\json-forwards.h">
      <Filter>Header Files</Filter>
    </ClInclude>
  </ItemGroup>
</Project>